// !$*UTF8*$!
{
	archiveVersion = 1;
	classes = {
	};
	objectVersion = 60;
	objects = {

/* Begin PBXBuildFile section */
		64A520B82CC2FA8E00779DA7 /* AppDelegate.swift in Sources */ = {isa = PBXBuildFile; fileRef = 64A520B72CC2FA8E00779DA7 /* AppDelegate.swift */; };
		64A520C12CC2FA8F00779DA7 /* Assets.xcassets in Resources */ = {isa = PBXBuildFile; fileRef = 64A520C02CC2FA8F00779DA7 /* Assets.xcassets */; };
		64A520C42CC2FA8F00779DA7 /* LaunchScreen.storyboard in Resources */ = {isa = PBXBuildFile; fileRef = 64A520C22CC2FA8F00779DA7 /* LaunchScreen.storyboard */; };
		64A520D92CC2FA8F00779DA7 /* RickAndMortyUITests.swift in Sources */ = {isa = PBXBuildFile; fileRef = 64A520D82CC2FA8F00779DA7 /* RickAndMortyUITests.swift */; };
		64A520DB2CC2FA8F00779DA7 /* RickAndMortyUITestsLaunchTests.swift in Sources */ = {isa = PBXBuildFile; fileRef = 64A520DA2CC2FA8F00779DA7 /* RickAndMortyUITestsLaunchTests.swift */; };
		64A520F22CC2FFE100779DA7 /* Networking in Resources */ = {isa = PBXBuildFile; fileRef = 64A520F12CC2FFE000779DA7 /* Networking */; };
		64A521172CC4123200779DA7 /* Networking in Frameworks */ = {isa = PBXBuildFile; productRef = 64A521162CC4123200779DA7 /* Networking */; };
		64A521262CC4563D00779DA7 /* Characters in Frameworks */ = {isa = PBXBuildFile; productRef = 64A521252CC4563D00779DA7 /* Characters */; };
		64A5212B2CC4FA4E00779DA7 /* Core in Frameworks */ = {isa = PBXBuildFile; productRef = 64A5212A2CC4FA4E00779DA7 /* Core */; };
		64A5212E2CC4FA5E00779DA7 /* UIToolKit in Frameworks */ = {isa = PBXBuildFile; productRef = 64A5212D2CC4FA5E00779DA7 /* UIToolKit */; };
		64B939B62CC711CF00B4AB63 /* RMAppFlowController.swift in Sources */ = {isa = PBXBuildFile; fileRef = 64B939B52CC711CF00B4AB63 /* RMAppFlowController.swift */; };
		64B939B92CC7468600B4AB63 /* AppDependencyContainer.swift in Sources */ = {isa = PBXBuildFile; fileRef = 64B939B82CC7468600B4AB63 /* AppDependencyContainer.swift */; };
/* End PBXBuildFile section */

/* Begin PBXContainerItemProxy section */
		64A520CB2CC2FA8F00779DA7 /* PBXContainerItemProxy */ = {
			isa = PBXContainerItemProxy;
			containerPortal = 64A520AC2CC2FA8E00779DA7 /* Project object */;
			proxyType = 1;
			remoteGlobalIDString = 64A520B32CC2FA8E00779DA7;
			remoteInfo = RickAndMorty;
		};
		64A520D52CC2FA8F00779DA7 /* PBXContainerItemProxy */ = {
			isa = PBXContainerItemProxy;
			containerPortal = 64A520AC2CC2FA8E00779DA7 /* Project object */;
			proxyType = 1;
			remoteGlobalIDString = 64A520B32CC2FA8E00779DA7;
			remoteInfo = RickAndMorty;
		};
/* End PBXContainerItemProxy section */

/* Begin PBXFileReference section */
		64A520B42CC2FA8E00779DA7 /* RickAndMorty.app */ = {isa = PBXFileReference; explicitFileType = wrapper.application; includeInIndex = 0; path = RickAndMorty.app; sourceTree = BUILT_PRODUCTS_DIR; };
		64A520B72CC2FA8E00779DA7 /* AppDelegate.swift */ = {isa = PBXFileReference; lastKnownFileType = sourcecode.swift; path = AppDelegate.swift; sourceTree = "<group>"; };
		64A520C02CC2FA8F00779DA7 /* Assets.xcassets */ = {isa = PBXFileReference; lastKnownFileType = folder.assetcatalog; path = Assets.xcassets; sourceTree = "<group>"; };
		64A520C32CC2FA8F00779DA7 /* Base */ = {isa = PBXFileReference; lastKnownFileType = file.storyboard; name = Base; path = Base.lproj/LaunchScreen.storyboard; sourceTree = "<group>"; };
		64A520C52CC2FA8F00779DA7 /* Info.plist */ = {isa = PBXFileReference; lastKnownFileType = text.plist.xml; path = Info.plist; sourceTree = "<group>"; };
		64A520CA2CC2FA8F00779DA7 /* RickAndMortyTests.xctest */ = {isa = PBXFileReference; explicitFileType = wrapper.cfbundle; includeInIndex = 0; path = RickAndMortyTests.xctest; sourceTree = BUILT_PRODUCTS_DIR; };
		64A520D42CC2FA8F00779DA7 /* RickAndMortyUITests.xctest */ = {isa = PBXFileReference; explicitFileType = wrapper.cfbundle; includeInIndex = 0; path = RickAndMortyUITests.xctest; sourceTree = BUILT_PRODUCTS_DIR; };
		64A520D82CC2FA8F00779DA7 /* RickAndMortyUITests.swift */ = {isa = PBXFileReference; lastKnownFileType = sourcecode.swift; path = RickAndMortyUITests.swift; sourceTree = "<group>"; };
		64A520DA2CC2FA8F00779DA7 /* RickAndMortyUITestsLaunchTests.swift */ = {isa = PBXFileReference; lastKnownFileType = sourcecode.swift; path = RickAndMortyUITestsLaunchTests.swift; sourceTree = "<group>"; };
		64A520F12CC2FFE000779DA7 /* Networking */ = {isa = PBXFileReference; lastKnownFileType = wrapper; path = Networking; sourceTree = "<group>"; };
		64A5211B2CC444B700779DA7 /* RickAndMorty.xctestplan */ = {isa = PBXFileReference; lastKnownFileType = text; path = RickAndMorty.xctestplan; sourceTree = "<group>"; };
		64A521232CC4536000779DA7 /* Characters */ = {isa = PBXFileReference; lastKnownFileType = wrapper; path = Characters; sourceTree = "<group>"; };
		64A521272CC4DAF100779DA7 /* Core */ = {isa = PBXFileReference; lastKnownFileType = wrapper; path = Core; sourceTree = "<group>"; };
		64A521282CC4DE2A00779DA7 /* UIToolKit */ = {isa = PBXFileReference; lastKnownFileType = wrapper; path = UIToolKit; sourceTree = "<group>"; };
		64B939B52CC711CF00B4AB63 /* RMAppFlowController.swift */ = {isa = PBXFileReference; lastKnownFileType = sourcecode.swift; path = RMAppFlowController.swift; sourceTree = "<group>"; };
		64B939B82CC7468600B4AB63 /* AppDependencyContainer.swift */ = {isa = PBXFileReference; lastKnownFileType = sourcecode.swift; path = AppDependencyContainer.swift; sourceTree = "<group>"; };
/* End PBXFileReference section */

/* Begin PBXFrameworksBuildPhase section */
		64A520B12CC2FA8E00779DA7 /* Frameworks */ = {
			isa = PBXFrameworksBuildPhase;
			buildActionMask = 2147483647;
			files = (
				64A521172CC4123200779DA7 /* Networking in Frameworks */,
				64A5212B2CC4FA4E00779DA7 /* Core in Frameworks */,
				64A5212E2CC4FA5E00779DA7 /* UIToolKit in Frameworks */,
				64A521262CC4563D00779DA7 /* Characters in Frameworks */,
			);
			runOnlyForDeploymentPostprocessing = 0;
		};
		64A520C72CC2FA8F00779DA7 /* Frameworks */ = {
			isa = PBXFrameworksBuildPhase;
			buildActionMask = 2147483647;
			files = (
			);
			runOnlyForDeploymentPostprocessing = 0;
		};
		64A520D12CC2FA8F00779DA7 /* Frameworks */ = {
			isa = PBXFrameworksBuildPhase;
			buildActionMask = 2147483647;
			files = (
			);
			runOnlyForDeploymentPostprocessing = 0;
		};
/* End PBXFrameworksBuildPhase section */

/* Begin PBXGroup section */
		64A520AB2CC2FA8E00779DA7 = {
			isa = PBXGroup;
			children = (
				64A5211B2CC444B700779DA7 /* RickAndMorty.xctestplan */,
				64A520E92CC2FBBE00779DA7 /* Packages */,
				64A520B62CC2FA8E00779DA7 /* RickAndMorty */,
				64A520CD2CC2FA8F00779DA7 /* RickAndMortyTests */,
				64A520D72CC2FA8F00779DA7 /* RickAndMortyUITests */,
				64A520B52CC2FA8E00779DA7 /* Products */,
				64A520F32CC3005100779DA7 /* Frameworks */,
			);
			sourceTree = "<group>";
		};
		64A520B52CC2FA8E00779DA7 /* Products */ = {
			isa = PBXGroup;
			children = (
				64A520B42CC2FA8E00779DA7 /* RickAndMorty.app */,
				64A520CA2CC2FA8F00779DA7 /* RickAndMortyTests.xctest */,
				64A520D42CC2FA8F00779DA7 /* RickAndMortyUITests.xctest */,
			);
			name = Products;
			sourceTree = "<group>";
		};
		64A520B62CC2FA8E00779DA7 /* RickAndMorty */ = {
			isa = PBXGroup;
			children = (
				64B939B72CC7467200B4AB63 /* Dependeny */,
				64A520F82CC317EA00779DA7 /* App */,
				64A520C02CC2FA8F00779DA7 /* Assets.xcassets */,
				64A520C22CC2FA8F00779DA7 /* LaunchScreen.storyboard */,
				64A520C52CC2FA8F00779DA7 /* Info.plist */,
			);
			path = RickAndMorty;
			sourceTree = "<group>";
		};
		64A520CD2CC2FA8F00779DA7 /* RickAndMortyTests */ = {
			isa = PBXGroup;
			children = (
			);
			path = RickAndMortyTests;
			sourceTree = "<group>";
		};
		64A520D72CC2FA8F00779DA7 /* RickAndMortyUITests */ = {
			isa = PBXGroup;
			children = (
				64A520D82CC2FA8F00779DA7 /* RickAndMortyUITests.swift */,
				64A520DA2CC2FA8F00779DA7 /* RickAndMortyUITestsLaunchTests.swift */,
			);
			path = RickAndMortyUITests;
			sourceTree = "<group>";
		};
		64A520E92CC2FBBE00779DA7 /* Packages */ = {
			isa = PBXGroup;
			children = (
				64A521282CC4DE2A00779DA7 /* UIToolKit */,
				64A521272CC4DAF100779DA7 /* Core */,
				64A521232CC4536000779DA7 /* Characters */,
				64A520F12CC2FFE000779DA7 /* Networking */,
			);
			path = Packages;
			sourceTree = "<group>";
		};
		64A520F32CC3005100779DA7 /* Frameworks */ = {
			isa = PBXGroup;
			children = (
			);
			name = Frameworks;
			sourceTree = "<group>";
		};
		64A520F82CC317EA00779DA7 /* App */ = {
			isa = PBXGroup;
			children = (
				64A520B72CC2FA8E00779DA7 /* AppDelegate.swift */,
				64B939B52CC711CF00B4AB63 /* RMAppFlowController.swift */,
			);
			path = App;
			sourceTree = "<group>";
		};
		64B939B72CC7467200B4AB63 /* Dependeny */ = {
			isa = PBXGroup;
			children = (
				64B939B82CC7468600B4AB63 /* AppDependencyContainer.swift */,
			);
			path = Dependeny;
			sourceTree = "<group>";
		};
/* End PBXGroup section */

/* Begin PBXNativeTarget section */
		64A520B32CC2FA8E00779DA7 /* RickAndMorty */ = {
			isa = PBXNativeTarget;
			buildConfigurationList = 64A520DE2CC2FA8F00779DA7 /* Build configuration list for PBXNativeTarget "RickAndMorty" */;
			buildPhases = (
				64A520B02CC2FA8E00779DA7 /* Sources */,
				64A520B12CC2FA8E00779DA7 /* Frameworks */,
				64A520B22CC2FA8E00779DA7 /* Resources */,
			);
			buildRules = (
			);
			dependencies = (
			);
			name = RickAndMorty;
			packageProductDependencies = (
				64A521162CC4123200779DA7 /* Networking */,
				64A521252CC4563D00779DA7 /* Characters */,
				64A5212A2CC4FA4E00779DA7 /* Core */,
				64A5212D2CC4FA5E00779DA7 /* UIToolKit */,
			);
			productName = RickAndMorty;
			productReference = 64A520B42CC2FA8E00779DA7 /* RickAndMorty.app */;
			productType = "com.apple.product-type.application";
		};
		64A520C92CC2FA8F00779DA7 /* RickAndMortyTests */ = {
			isa = PBXNativeTarget;
			buildConfigurationList = 64A520E12CC2FA8F00779DA7 /* Build configuration list for PBXNativeTarget "RickAndMortyTests" */;
			buildPhases = (
				64A520C62CC2FA8F00779DA7 /* Sources */,
				64A520C72CC2FA8F00779DA7 /* Frameworks */,
				64A520C82CC2FA8F00779DA7 /* Resources */,
			);
			buildRules = (
			);
			dependencies = (
				64A520CC2CC2FA8F00779DA7 /* PBXTargetDependency */,
			);
			name = RickAndMortyTests;
			productName = RickAndMortyTests;
			productReference = 64A520CA2CC2FA8F00779DA7 /* RickAndMortyTests.xctest */;
			productType = "com.apple.product-type.bundle.unit-test";
		};
		64A520D32CC2FA8F00779DA7 /* RickAndMortyUITests */ = {
			isa = PBXNativeTarget;
			buildConfigurationList = 64A520E42CC2FA8F00779DA7 /* Build configuration list for PBXNativeTarget "RickAndMortyUITests" */;
			buildPhases = (
				64A520D02CC2FA8F00779DA7 /* Sources */,
				64A520D12CC2FA8F00779DA7 /* Frameworks */,
				64A520D22CC2FA8F00779DA7 /* Resources */,
			);
			buildRules = (
			);
			dependencies = (
				64A520D62CC2FA8F00779DA7 /* PBXTargetDependency */,
			);
			name = RickAndMortyUITests;
			productName = RickAndMortyUITests;
			productReference = 64A520D42CC2FA8F00779DA7 /* RickAndMortyUITests.xctest */;
			productType = "com.apple.product-type.bundle.ui-testing";
		};
/* End PBXNativeTarget section */

/* Begin PBXProject section */
		64A520AC2CC2FA8E00779DA7 /* Project object */ = {
			isa = PBXProject;
			attributes = {
				BuildIndependentTargetsInParallel = 1;
				LastSwiftUpdateCheck = 1500;
				LastUpgradeCheck = 1500;
				TargetAttributes = {
					64A520B32CC2FA8E00779DA7 = {
						CreatedOnToolsVersion = 15.0;
					};
					64A520C92CC2FA8F00779DA7 = {
						CreatedOnToolsVersion = 15.0;
						LastSwiftMigration = 1500;
						TestTargetID = 64A520B32CC2FA8E00779DA7;
					};
					64A520D32CC2FA8F00779DA7 = {
						CreatedOnToolsVersion = 15.0;
						TestTargetID = 64A520B32CC2FA8E00779DA7;
					};
				};
			};
			buildConfigurationList = 64A520AF2CC2FA8E00779DA7 /* Build configuration list for PBXProject "RickAndMorty" */;
			compatibilityVersion = "Xcode 14.0";
			developmentRegion = en;
			hasScannedForEncodings = 0;
			knownRegions = (
				en,
				Base,
			);
			mainGroup = 64A520AB2CC2FA8E00779DA7;
			packageReferences = (
				64A521152CC4123200779DA7 /* XCLocalSwiftPackageReference "Packages/Networking" */,
				64A521242CC4563D00779DA7 /* XCLocalSwiftPackageReference "Packages/Characters" */,
				64A521292CC4FA4E00779DA7 /* XCLocalSwiftPackageReference "Packages/Core" */,
				64A5212C2CC4FA5E00779DA7 /* XCLocalSwiftPackageReference "Packages/UIToolKit" */,
			);
			productRefGroup = 64A520B52CC2FA8E00779DA7 /* Products */;
			projectDirPath = "";
			projectRoot = "";
			targets = (
				64A520B32CC2FA8E00779DA7 /* RickAndMorty */,
				64A520C92CC2FA8F00779DA7 /* RickAndMortyTests */,
				64A520D32CC2FA8F00779DA7 /* RickAndMortyUITests */,
			);
		};
/* End PBXProject section */

/* Begin PBXResourcesBuildPhase section */
		64A520B22CC2FA8E00779DA7 /* Resources */ = {
			isa = PBXResourcesBuildPhase;
			buildActionMask = 2147483647;
			files = (
				64A520C42CC2FA8F00779DA7 /* LaunchScreen.storyboard in Resources */,
				64A520C12CC2FA8F00779DA7 /* Assets.xcassets in Resources */,
				64A520F22CC2FFE100779DA7 /* Networking in Resources */,
			);
			runOnlyForDeploymentPostprocessing = 0;
		};
		64A520C82CC2FA8F00779DA7 /* Resources */ = {
			isa = PBXResourcesBuildPhase;
			buildActionMask = 2147483647;
			files = (
			);
			runOnlyForDeploymentPostprocessing = 0;
		};
		64A520D22CC2FA8F00779DA7 /* Resources */ = {
			isa = PBXResourcesBuildPhase;
			buildActionMask = 2147483647;
			files = (
			);
			runOnlyForDeploymentPostprocessing = 0;
		};
/* End PBXResourcesBuildPhase section */

/* Begin PBXSourcesBuildPhase section */
		64A520B02CC2FA8E00779DA7 /* Sources */ = {
			isa = PBXSourcesBuildPhase;
			buildActionMask = 2147483647;
			files = (
				64B939B62CC711CF00B4AB63 /* RMAppFlowController.swift in Sources */,
				64B939B92CC7468600B4AB63 /* AppDependencyContainer.swift in Sources */,
				64A520B82CC2FA8E00779DA7 /* AppDelegate.swift in Sources */,
			);
			runOnlyForDeploymentPostprocessing = 0;
		};
		64A520C62CC2FA8F00779DA7 /* Sources */ = {
			isa = PBXSourcesBuildPhase;
			buildActionMask = 2147483647;
			files = (
			);
			runOnlyForDeploymentPostprocessing = 0;
		};
		64A520D02CC2FA8F00779DA7 /* Sources */ = {
			isa = PBXSourcesBuildPhase;
			buildActionMask = 2147483647;
			files = (
				64A520D92CC2FA8F00779DA7 /* RickAndMortyUITests.swift in Sources */,
				64A520DB2CC2FA8F00779DA7 /* RickAndMortyUITestsLaunchTests.swift in Sources */,
			);
			runOnlyForDeploymentPostprocessing = 0;
		};
/* End PBXSourcesBuildPhase section */

/* Begin PBXTargetDependency section */
		64A520CC2CC2FA8F00779DA7 /* PBXTargetDependency */ = {
			isa = PBXTargetDependency;
			target = 64A520B32CC2FA8E00779DA7 /* RickAndMorty */;
			targetProxy = 64A520CB2CC2FA8F00779DA7 /* PBXContainerItemProxy */;
		};
		64A520D62CC2FA8F00779DA7 /* PBXTargetDependency */ = {
			isa = PBXTargetDependency;
			target = 64A520B32CC2FA8E00779DA7 /* RickAndMorty */;
			targetProxy = 64A520D52CC2FA8F00779DA7 /* PBXContainerItemProxy */;
		};
/* End PBXTargetDependency section */

/* Begin PBXVariantGroup section */
		64A520C22CC2FA8F00779DA7 /* LaunchScreen.storyboard */ = {
			isa = PBXVariantGroup;
			children = (
				64A520C32CC2FA8F00779DA7 /* Base */,
			);
			name = LaunchScreen.storyboard;
			sourceTree = "<group>";
		};
/* End PBXVariantGroup section */

/* Begin XCBuildConfiguration section */
		64A520DC2CC2FA8F00779DA7 /* Debug */ = {
			isa = XCBuildConfiguration;
			buildSettings = {
				ALWAYS_SEARCH_USER_PATHS = NO;
				ASSETCATALOG_COMPILER_GENERATE_SWIFT_ASSET_SYMBOL_EXTENSIONS = YES;
				CLANG_ANALYZER_NONNULL = YES;
				CLANG_ANALYZER_NUMBER_OBJECT_CONVERSION = YES_AGGRESSIVE;
				CLANG_CXX_LANGUAGE_STANDARD = "gnu++20";
				CLANG_ENABLE_MODULES = YES;
				CLANG_ENABLE_OBJC_ARC = YES;
				CLANG_ENABLE_OBJC_WEAK = YES;
				CLANG_WARN_BLOCK_CAPTURE_AUTORELEASING = YES;
				CLANG_WARN_BOOL_CONVERSION = YES;
				CLANG_WARN_COMMA = YES;
				CLANG_WARN_CONSTANT_CONVERSION = YES;
				CLANG_WARN_DEPRECATED_OBJC_IMPLEMENTATIONS = YES;
				CLANG_WARN_DIRECT_OBJC_ISA_USAGE = YES_ERROR;
				CLANG_WARN_DOCUMENTATION_COMMENTS = YES;
				CLANG_WARN_EMPTY_BODY = YES;
				CLANG_WARN_ENUM_CONVERSION = YES;
				CLANG_WARN_INFINITE_RECURSION = YES;
				CLANG_WARN_INT_CONVERSION = YES;
				CLANG_WARN_NON_LITERAL_NULL_CONVERSION = YES;
				CLANG_WARN_OBJC_IMPLICIT_RETAIN_SELF = YES;
				CLANG_WARN_OBJC_LITERAL_CONVERSION = YES;
				CLANG_WARN_OBJC_ROOT_CLASS = YES_ERROR;
				CLANG_WARN_QUOTED_INCLUDE_IN_FRAMEWORK_HEADER = YES;
				CLANG_WARN_RANGE_LOOP_ANALYSIS = YES;
				CLANG_WARN_STRICT_PROTOTYPES = YES;
				CLANG_WARN_SUSPICIOUS_MOVE = YES;
				CLANG_WARN_UNGUARDED_AVAILABILITY = YES_AGGRESSIVE;
				CLANG_WARN_UNREACHABLE_CODE = YES;
				CLANG_WARN__DUPLICATE_METHOD_MATCH = YES;
				COPY_PHASE_STRIP = NO;
				DEBUG_INFORMATION_FORMAT = dwarf;
				ENABLE_STRICT_OBJC_MSGSEND = YES;
				ENABLE_TESTABILITY = YES;
				ENABLE_USER_SCRIPT_SANDBOXING = YES;
				GCC_C_LANGUAGE_STANDARD = gnu17;
				GCC_DYNAMIC_NO_PIC = NO;
				GCC_NO_COMMON_BLOCKS = YES;
				GCC_OPTIMIZATION_LEVEL = 0;
				GCC_PREPROCESSOR_DEFINITIONS = (
					"DEBUG=1",
					"$(inherited)",
				);
				GCC_WARN_64_TO_32_BIT_CONVERSION = YES;
				GCC_WARN_ABOUT_RETURN_TYPE = YES_ERROR;
				GCC_WARN_UNDECLARED_SELECTOR = YES;
				GCC_WARN_UNINITIALIZED_AUTOS = YES_AGGRESSIVE;
				GCC_WARN_UNUSED_FUNCTION = YES;
				GCC_WARN_UNUSED_VARIABLE = YES;
				IPHONEOS_DEPLOYMENT_TARGET = 17.0;
				LOCALIZATION_PREFERS_STRING_CATALOGS = YES;
				MTL_ENABLE_DEBUG_INFO = INCLUDE_SOURCE;
				MTL_FAST_MATH = YES;
				ONLY_ACTIVE_ARCH = YES;
				SDKROOT = iphoneos;
				SWIFT_ACTIVE_COMPILATION_CONDITIONS = "DEBUG $(inherited)";
				SWIFT_OPTIMIZATION_LEVEL = "-Onone";
			};
			name = Debug;
		};
		64A520DD2CC2FA8F00779DA7 /* Release */ = {
			isa = XCBuildConfiguration;
			buildSettings = {
				ALWAYS_SEARCH_USER_PATHS = NO;
				ASSETCATALOG_COMPILER_GENERATE_SWIFT_ASSET_SYMBOL_EXTENSIONS = YES;
				CLANG_ANALYZER_NONNULL = YES;
				CLANG_ANALYZER_NUMBER_OBJECT_CONVERSION = YES_AGGRESSIVE;
				CLANG_CXX_LANGUAGE_STANDARD = "gnu++20";
				CLANG_ENABLE_MODULES = YES;
				CLANG_ENABLE_OBJC_ARC = YES;
				CLANG_ENABLE_OBJC_WEAK = YES;
				CLANG_WARN_BLOCK_CAPTURE_AUTORELEASING = YES;
				CLANG_WARN_BOOL_CONVERSION = YES;
				CLANG_WARN_COMMA = YES;
				CLANG_WARN_CONSTANT_CONVERSION = YES;
				CLANG_WARN_DEPRECATED_OBJC_IMPLEMENTATIONS = YES;
				CLANG_WARN_DIRECT_OBJC_ISA_USAGE = YES_ERROR;
				CLANG_WARN_DOCUMENTATION_COMMENTS = YES;
				CLANG_WARN_EMPTY_BODY = YES;
				CLANG_WARN_ENUM_CONVERSION = YES;
				CLANG_WARN_INFINITE_RECURSION = YES;
				CLANG_WARN_INT_CONVERSION = YES;
				CLANG_WARN_NON_LITERAL_NULL_CONVERSION = YES;
				CLANG_WARN_OBJC_IMPLICIT_RETAIN_SELF = YES;
				CLANG_WARN_OBJC_LITERAL_CONVERSION = YES;
				CLANG_WARN_OBJC_ROOT_CLASS = YES_ERROR;
				CLANG_WARN_QUOTED_INCLUDE_IN_FRAMEWORK_HEADER = YES;
				CLANG_WARN_RANGE_LOOP_ANALYSIS = YES;
				CLANG_WARN_STRICT_PROTOTYPES = YES;
				CLANG_WARN_SUSPICIOUS_MOVE = YES;
				CLANG_WARN_UNGUARDED_AVAILABILITY = YES_AGGRESSIVE;
				CLANG_WARN_UNREACHABLE_CODE = YES;
				CLANG_WARN__DUPLICATE_METHOD_MATCH = YES;
				COPY_PHASE_STRIP = NO;
				DEBUG_INFORMATION_FORMAT = "dwarf-with-dsym";
				ENABLE_NS_ASSERTIONS = NO;
				ENABLE_STRICT_OBJC_MSGSEND = YES;
				ENABLE_USER_SCRIPT_SANDBOXING = YES;
				GCC_C_LANGUAGE_STANDARD = gnu17;
				GCC_NO_COMMON_BLOCKS = YES;
				GCC_WARN_64_TO_32_BIT_CONVERSION = YES;
				GCC_WARN_ABOUT_RETURN_TYPE = YES_ERROR;
				GCC_WARN_UNDECLARED_SELECTOR = YES;
				GCC_WARN_UNINITIALIZED_AUTOS = YES_AGGRESSIVE;
				GCC_WARN_UNUSED_FUNCTION = YES;
				GCC_WARN_UNUSED_VARIABLE = YES;
				IPHONEOS_DEPLOYMENT_TARGET = 17.0;
				LOCALIZATION_PREFERS_STRING_CATALOGS = YES;
				MTL_ENABLE_DEBUG_INFO = NO;
				MTL_FAST_MATH = YES;
				SDKROOT = iphoneos;
				SWIFT_COMPILATION_MODE = wholemodule;
				VALIDATE_PRODUCT = YES;
			};
			name = Release;
		};
		64A520DF2CC2FA8F00779DA7 /* Debug */ = {
			isa = XCBuildConfiguration;
			buildSettings = {
				ASSETCATALOG_COMPILER_APPICON_NAME = AppIcon;
				ASSETCATALOG_COMPILER_GLOBAL_ACCENT_COLOR_NAME = AccentColor;
				CODE_SIGN_STYLE = Automatic;
				CURRENT_PROJECT_VERSION = 1;
				DEVELOPMENT_TEAM = WL24K46YGJ;
				GENERATE_INFOPLIST_FILE = YES;
				INFOPLIST_FILE = RickAndMorty/Info.plist;
				INFOPLIST_KEY_UIApplicationSupportsIndirectInputEvents = YES;
				INFOPLIST_KEY_UILaunchStoryboardName = LaunchScreen;
				INFOPLIST_KEY_UIMainStoryboardFile = "";
				INFOPLIST_KEY_UISupportedInterfaceOrientations_iPad = "UIInterfaceOrientationPortrait UIInterfaceOrientationPortraitUpsideDown UIInterfaceOrientationLandscapeLeft UIInterfaceOrientationLandscapeRight";
				INFOPLIST_KEY_UISupportedInterfaceOrientations_iPhone = "UIInterfaceOrientationPortrait UIInterfaceOrientationLandscapeLeft UIInterfaceOrientationLandscapeRight";
				LD_RUNPATH_SEARCH_PATHS = (
					"$(inherited)",
					"@executable_path/Frameworks",
				);
				MARKETING_VERSION = 1.0;
				PRODUCT_BUNDLE_IDENTIFIER = "w-tech.com.RickAndMorty";
				PRODUCT_NAME = "$(TARGET_NAME)";
				SWIFT_EMIT_LOC_STRINGS = YES;
				SWIFT_VERSION = 5.0;
				TARGETED_DEVICE_FAMILY = "1,2";
			};
			name = Debug;
		};
		64A520E02CC2FA8F00779DA7 /* Release */ = {
			isa = XCBuildConfiguration;
			buildSettings = {
				ASSETCATALOG_COMPILER_APPICON_NAME = AppIcon;
				ASSETCATALOG_COMPILER_GLOBAL_ACCENT_COLOR_NAME = AccentColor;
				CODE_SIGN_STYLE = Automatic;
				CURRENT_PROJECT_VERSION = 1;
				DEVELOPMENT_TEAM = WL24K46YGJ;
				GENERATE_INFOPLIST_FILE = YES;
				INFOPLIST_FILE = RickAndMorty/Info.plist;
				INFOPLIST_KEY_UIApplicationSupportsIndirectInputEvents = YES;
				INFOPLIST_KEY_UILaunchStoryboardName = LaunchScreen;
				INFOPLIST_KEY_UIMainStoryboardFile = "";
				INFOPLIST_KEY_UISupportedInterfaceOrientations_iPad = "UIInterfaceOrientationPortrait UIInterfaceOrientationPortraitUpsideDown UIInterfaceOrientationLandscapeLeft UIInterfaceOrientationLandscapeRight";
				INFOPLIST_KEY_UISupportedInterfaceOrientations_iPhone = "UIInterfaceOrientationPortrait UIInterfaceOrientationLandscapeLeft UIInterfaceOrientationLandscapeRight";
				LD_RUNPATH_SEARCH_PATHS = (
					"$(inherited)",
					"@executable_path/Frameworks",
				);
				MARKETING_VERSION = 1.0;
				PRODUCT_BUNDLE_IDENTIFIER = "w-tech.com.RickAndMorty";
				PRODUCT_NAME = "$(TARGET_NAME)";
				SWIFT_EMIT_LOC_STRINGS = YES;
				SWIFT_VERSION = 5.0;
				TARGETED_DEVICE_FAMILY = "1,2";
			};
			name = Release;
		};
		64A520E22CC2FA8F00779DA7 /* Debug */ = {
			isa = XCBuildConfiguration;
			buildSettings = {
				ALWAYS_EMBED_SWIFT_STANDARD_LIBRARIES = YES;
				BUNDLE_LOADER = "$(TEST_HOST)";
				CLANG_ENABLE_MODULES = YES;
				CODE_SIGN_STYLE = Automatic;
				CURRENT_PROJECT_VERSION = 1;
				DEVELOPMENT_TEAM = WL24K46YGJ;
				GENERATE_INFOPLIST_FILE = YES;
				IPHONEOS_DEPLOYMENT_TARGET = 17.0;
				MARKETING_VERSION = 1.0;
				PRODUCT_BUNDLE_IDENTIFIER = "w-tech.com.RickAndMortyTests";
				PRODUCT_NAME = "$(TARGET_NAME)";
				SWIFT_EMIT_LOC_STRINGS = NO;
				SWIFT_OPTIMIZATION_LEVEL = "-Onone";
				SWIFT_VERSION = 5.0;
				TARGETED_DEVICE_FAMILY = "1,2";
				TEST_HOST = "$(BUILT_PRODUCTS_DIR)/RickAndMorty.app/$(BUNDLE_EXECUTABLE_FOLDER_PATH)/RickAndMorty";
			};
			name = Debug;
		};
		64A520E32CC2FA8F00779DA7 /* Release */ = {
			isa = XCBuildConfiguration;
			buildSettings = {
				ALWAYS_EMBED_SWIFT_STANDARD_LIBRARIES = YES;
				BUNDLE_LOADER = "$(TEST_HOST)";
				CLANG_ENABLE_MODULES = YES;
				CODE_SIGN_STYLE = Automatic;
				CURRENT_PROJECT_VERSION = 1;
				DEVELOPMENT_TEAM = WL24K46YGJ;
				GENERATE_INFOPLIST_FILE = YES;
				IPHONEOS_DEPLOYMENT_TARGET = 17.0;
				MARKETING_VERSION = 1.0;
				PRODUCT_BUNDLE_IDENTIFIER = "w-tech.com.RickAndMortyTests";
				PRODUCT_NAME = "$(TARGET_NAME)";
				SWIFT_EMIT_LOC_STRINGS = NO;
				SWIFT_VERSION = 5.0;
				TARGETED_DEVICE_FAMILY = "1,2";
				TEST_HOST = "$(BUILT_PRODUCTS_DIR)/RickAndMorty.app/$(BUNDLE_EXECUTABLE_FOLDER_PATH)/RickAndMorty";
			};
			name = Release;
		};
		64A520E52CC2FA8F00779DA7 /* Debug */ = {
			isa = XCBuildConfiguration;
			buildSettings = {
				ALWAYS_EMBED_SWIFT_STANDARD_LIBRARIES = YES;
				CODE_SIGN_STYLE = Automatic;
				CURRENT_PROJECT_VERSION = 1;
				DEVELOPMENT_TEAM = WL24K46YGJ;
				GENERATE_INFOPLIST_FILE = YES;
				MARKETING_VERSION = 1.0;
				PRODUCT_BUNDLE_IDENTIFIER = "w-tech.com.RickAndMortyUITests";
				PRODUCT_NAME = "$(TARGET_NAME)";
				SWIFT_EMIT_LOC_STRINGS = NO;
				SWIFT_VERSION = 5.0;
				TARGETED_DEVICE_FAMILY = "1,2";
				TEST_TARGET_NAME = RickAndMorty;
			};
			name = Debug;
		};
		64A520E62CC2FA8F00779DA7 /* Release */ = {
			isa = XCBuildConfiguration;
			buildSettings = {
				ALWAYS_EMBED_SWIFT_STANDARD_LIBRARIES = YES;
				CODE_SIGN_STYLE = Automatic;
				CURRENT_PROJECT_VERSION = 1;
				DEVELOPMENT_TEAM = WL24K46YGJ;
				GENERATE_INFOPLIST_FILE = YES;
				MARKETING_VERSION = 1.0;
				PRODUCT_BUNDLE_IDENTIFIER = "w-tech.com.RickAndMortyUITests";
				PRODUCT_NAME = "$(TARGET_NAME)";
				SWIFT_EMIT_LOC_STRINGS = NO;
				SWIFT_VERSION = 5.0;
				TARGETED_DEVICE_FAMILY = "1,2";
				TEST_TARGET_NAME = RickAndMorty;
			};
			name = Release;
		};
/* End XCBuildConfiguration section */

/* Begin XCConfigurationList section */
		64A520AF2CC2FA8E00779DA7 /* Build configuration list for PBXProject "RickAndMorty" */ = {
			isa = XCConfigurationList;
			buildConfigurations = (
				64A520DC2CC2FA8F00779DA7 /* Debug */,
				64A520DD2CC2FA8F00779DA7 /* Release */,
			);
			defaultConfigurationIsVisible = 0;
			defaultConfigurationName = Release;
		};
		64A520DE2CC2FA8F00779DA7 /* Build configuration list for PBXNativeTarget "RickAndMorty" */ = {
			isa = XCConfigurationList;
			buildConfigurations = (
				64A520DF2CC2FA8F00779DA7 /* Debug */,
				64A520E02CC2FA8F00779DA7 /* Release */,
			);
			defaultConfigurationIsVisible = 0;
			defaultConfigurationName = Release;
		};
		64A520E12CC2FA8F00779DA7 /* Build configuration list for PBXNativeTarget "RickAndMortyTests" */ = {
			isa = XCConfigurationList;
			buildConfigurations = (
				64A520E22CC2FA8F00779DA7 /* Debug */,
				64A520E32CC2FA8F00779DA7 /* Release */,
			);
			defaultConfigurationIsVisible = 0;
			defaultConfigurationName = Release;
		};
		64A520E42CC2FA8F00779DA7 /* Build configuration list for PBXNativeTarget "RickAndMortyUITests" */ = {
			isa = XCConfigurationList;
			buildConfigurations = (
				64A520E52CC2FA8F00779DA7 /* Debug */,
				64A520E62CC2FA8F00779DA7 /* Release */,
			);
			defaultConfigurationIsVisible = 0;
			defaultConfigurationName = Release;
		};
/* End XCConfigurationList section */

/* Begin XCLocalSwiftPackageReference section */
		64A521152CC4123200779DA7 /* XCLocalSwiftPackageReference "Packages/Networking" */ = {
			isa = XCLocalSwiftPackageReference;
			relativePath = Packages/Networking;
		};
		64A521242CC4563D00779DA7 /* XCLocalSwiftPackageReference "Packages/Characters" */ = {
			isa = XCLocalSwiftPackageReference;
			relativePath = Packages/Characters;
		};
		64A521292CC4FA4E00779DA7 /* XCLocalSwiftPackageReference "Packages/Core" */ = {
			isa = XCLocalSwiftPackageReference;
			relativePath = Packages/Core;
		};
		64A5212C2CC4FA5E00779DA7 /* XCLocalSwiftPackageReference "Packages/UIToolKit" */ = {
			isa = XCLocalSwiftPackageReference;
			relativePath = Packages/UIToolKit;
		};
/* End XCLocalSwiftPackageReference section */

/* Begin XCSwiftPackageProductDependency section */
		64A521162CC4123200779DA7 /* Networking */ = {
			isa = XCSwiftPackageProductDependency;
			productName = Networking;
		};
		64A521252CC4563D00779DA7 /* Characters */ = {
			isa = XCSwiftPackageProductDependency;
			productName = Characters;
		};
		64A5212A2CC4FA4E00779DA7 /* Core */ = {
			isa = XCSwiftPackageProductDependency;
			productName = Core;
		};
		64A5212D2CC4FA5E00779DA7 /* UIToolKit */ = {
			isa = XCSwiftPackageProductDependency;
			productName = UIToolKit;
		};
/* End XCSwiftPackageProductDependency section */
	};
	rootObject = 64A520AC2CC2FA8E00779DA7 /* Project object */;
}
